// !$*UTF8*$!
{
	archiveVersion = 1;
	classes = {
	};
	objectVersion = 48;
	objects = {

/* Begin PBXBuildFile section */
		BC64DD3B22BA4A5C00585F7B /* AppDelegate.swift in Sources */ = {isa = PBXBuildFile; fileRef = BC64DD3A22BA4A5C00585F7B /* AppDelegate.swift */; };
		BC64DD3D22BA4A5C00585F7B /* ViewController.swift in Sources */ = {isa = PBXBuildFile; fileRef = BC64DD3C22BA4A5C00585F7B /* ViewController.swift */; };
		BC64DD4022BA4A5C00585F7B /* Main.storyboard in Resources */ = {isa = PBXBuildFile; fileRef = BC64DD3E22BA4A5C00585F7B /* Main.storyboard */; };
		BC64DD4222BA4A5C00585F7B /* Assets.xcassets in Resources */ = {isa = PBXBuildFile; fileRef = BC64DD4122BA4A5C00585F7B /* Assets.xcassets */; };
		BC64DD4522BA4A5C00585F7B /* LaunchScreen.storyboard in Resources */ = {isa = PBXBuildFile; fileRef = BC64DD4322BA4A5C00585F7B /* LaunchScreen.storyboard */; };
/* End PBXBuildFile section */

/* Begin PBXFileReference section */
		BC64DD3722BA4A5C00585F7B /* Interactive 3D Carousel with Core Animation.app */ = {isa = PBXFileReference; explicitFileType = wrapper.application; includeInIndex = 0; path = "Interactive 3D Carousel with Core Animation.app"; sourceTree = BUILT_PRODUCTS_DIR; };
		BC64DD3A22BA4A5C00585F7B /* AppDelegate.swift */ = {isa = PBXFileReference; lastKnownFileType = sourcecode.swift; path = AppDelegate.swift; sourceTree = "<group>"; };
		BC64DD3C22BA4A5C00585F7B /* ViewController.swift */ = {isa = PBXFileReference; lastKnownFileType = sourcecode.swift; path = ViewController.swift; sourceTree = "<group>"; };
		BC64DD3F22BA4A5C00585F7B /* Base */ = {isa = PBXFileReference; lastKnownFileType = file.storyboard; name = Base; path = Base.lproj/Main.storyboard; sourceTree = "<group>"; };
		BC64DD4122BA4A5C00585F7B /* Assets.xcassets */ = {isa = PBXFileReference; lastKnownFileType = folder.assetcatalog; path = Assets.xcassets; sourceTree = "<group>"; };
		BC64DD4422BA4A5C00585F7B /* Base */ = {isa = PBXFileReference; lastKnownFileType = file.storyboard; name = Base; path = Base.lproj/LaunchScreen.storyboard; sourceTree = "<group>"; };
		BC64DD4622BA4A5C00585F7B /* Info.plist */ = {isa = PBXFileReference; lastKnownFileType = text.plist.xml; path = Info.plist; sourceTree = "<group>"; };
/* End PBXFileReference section */

/* Begin PBXFrameworksBuildPhase section */
		BC64DD3422BA4A5C00585F7B /* Frameworks */ = {
			isa = PBXFrameworksBuildPhase;
			buildActionMask = 2147483647;
			files = (
			);
			runOnlyForDeploymentPostprocessing = 0;
		};
/* End PBXFrameworksBuildPhase section */

/* Begin PBXGroup section */
		BC64DD2E22BA4A5C00585F7B = {
			isa = PBXGroup;
			children = (
				BC64DD3922BA4A5C00585F7B /* Interactive 3D Carousel with Core Animation */,
				BC64DD3822BA4A5C00585F7B /* Products */,
			);
			sourceTree = "<group>";
		};
		BC64DD3822BA4A5C00585F7B /* Products */ = {
			isa = PBXGroup;
			children = (
				BC64DD3722BA4A5C00585F7B /* Interactive 3D Carousel with Core Animation.app */,
			);
			name = Products;
			sourceTree = "<group>";
		};
		BC64DD3922BA4A5C00585F7B /* Interactive 3D Carousel with Core Animation */ = {
			isa = PBXGroup;
			children = (
				BC64DD3A22BA4A5C00585F7B /* AppDelegate.swift */,
				BC64DD3C22BA4A5C00585F7B /* ViewController.swift */,
				BC64DD3E22BA4A5C00585F7B /* Main.storyboard */,
				BC64DD4122BA4A5C00585F7B /* Assets.xcassets */,
				BC64DD4322BA4A5C00585F7B /* LaunchScreen.storyboard */,
				BC64DD4622BA4A5C00585F7B /* Info.plist */,
			);
			path = "Interactive 3D Carousel with Core Animation";
			sourceTree = "<group>";
		};
/* End PBXGroup section */

/* Begin PBXNativeTarget section */
		BC64DD3622BA4A5C00585F7B /* Interactive 3D Carousel with Core Animation */ = {
			isa = PBXNativeTarget;
			buildConfigurationList = BC64DD4922BA4A5C00585F7B /* Build configuration list for PBXNativeTarget "Interactive 3D Carousel with Core Animation" */;
			buildPhases = (
				BC64DD3322BA4A5C00585F7B /* Sources */,
				BC64DD3422BA4A5C00585F7B /* Frameworks */,
				BC64DD3522BA4A5C00585F7B /* Resources */,
			);
			buildRules = (
			);
			dependencies = (
			);
			name = "Interactive 3D Carousel with Core Animation";
			productName = "Interactive 3D Carousel with Core Animation";
			productReference = BC64DD3722BA4A5C00585F7B /* Interactive 3D Carousel with Core Animation.app */;
			productType = "com.apple.product-type.application";
		};
/* End PBXNativeTarget section */

/* Begin PBXProject section */
		BC64DD2F22BA4A5C00585F7B /* Project object */ = {
			isa = PBXProject;
			attributes = {
				LastSwiftUpdateCheck = 0920;
				LastUpgradeCheck = 0920;
				ORGANIZATIONNAME = Abdelrhman;
				TargetAttributes = {
					BC64DD3622BA4A5C00585F7B = {
						CreatedOnToolsVersion = 9.2;
						ProvisioningStyle = Automatic;
					};
				};
			};
			buildConfigurationList = BC64DD3222BA4A5C00585F7B /* Build configuration list for PBXProject "Interactive 3D Carousel with Core Animation" */;
			compatibilityVersion = "Xcode 8.0";
			developmentRegion = en;
			hasScannedForEncodings = 0;
			knownRegions = (
				en,
				Base,
			);
			mainGroup = BC64DD2E22BA4A5C00585F7B;
			productRefGroup = BC64DD3822BA4A5C00585F7B /* Products */;
			projectDirPath = "";
			projectRoot = "";
			targets = (
				BC64DD3622BA4A5C00585F7B /* Interactive 3D Carousel with Core Animation */,
			);
		};
/* End PBXProject section */

/* Begin PBXResourcesBuildPhase section */
		BC64DD3522BA4A5C00585F7B /* Resources */ = {
			isa = PBXResourcesBuildPhase;
			buildActionMask = 2147483647;
			files = (
				BC64DD4522BA4A5C00585F7B /* LaunchScreen.storyboard in Resources */,
				BC64DD4222BA4A5C00585F7B /* Assets.xcassets in Resources */,
				BC64DD4022BA4A5C00585F7B /* Main.storyboard in Resources */,
			);
			runOnlyForDeploymentPostprocessing = 0;
		};
/* End PBXResourcesBuildPhase section */

/* Begin PBXSourcesBuildPhase section */
		BC64DD3322BA4A5C00585F7B /* Sources */ = {
			isa = PBXSourcesBuildPhase;
			buildActionMask = 2147483647;
			files = (
				BC64DD3D22BA4A5C00585F7B /* ViewController.swift in Sources */,
				BC64DD3B22BA4A5C00585F7B /* AppDelegate.swift in Sources */,
			);
			runOnlyForDeploymentPostprocessing = 0;
		};
/* End PBXSourcesBuildPhase section */

/* Begin PBXVariantGroup section */
		BC64DD3E22BA4A5C00585F7B /* Main.storyboard */ = {
			isa = PBXVariantGroup;
			children = (
				BC64DD3F22BA4A5C00585F7B /* Base */,
			);
			name = Main.storyboard;
			sourceTree = "<group>";
		};
		BC64DD4322BA4A5C00585F7B /* LaunchScreen.storyboard */ = {
			isa = PBXVariantGroup;
			children = (
				BC64DD4422BA4A5C00585F7B /* Base */,
			);
			name = LaunchScreen.storyboard;
			sourceTree = "<group>";
		};
/* End PBXVariantGroup section */

/* Begin XCBuildConfiguration section */
		BC64DD4722BA4A5C00585F7B /* Debug */ = {
			isa = XCBuildConfiguration;
			buildSettings = {
				ALWAYS_SEARCH_USER_PATHS = NO;
				CLANG_ANALYZER_NONNULL = YES;
				CLANG_ANALYZER_NUMBER_OBJECT_CONVERSION = YES_AGGRESSIVE;
				CLANG_CXX_LANGUAGE_STANDARD = "gnu++14";
				CLANG_CXX_LIBRARY = "libc++";
				CLANG_ENABLE_MODULES = YES;
				CLANG_ENABLE_OBJC_ARC = YES;
				CLANG_WARN_BLOCK_CAPTURE_AUTORELEASING = YES;
				CLANG_WARN_BOOL_CONVERSION = YES;
				CLANG_WARN_COMMA = YES;
				CLANG_WARN_CONSTANT_CONVERSION = YES;
				CLANG_WARN_DIRECT_OBJC_ISA_USAGE = YES_ERROR;
				CLANG_WARN_DOCUMENTATION_COMMENTS = YES;
				CLANG_WARN_EMPTY_BODY = YES;
				CLANG_WARN_ENUM_CONVERSION = YES;
				CLANG_WARN_INFINITE_RECURSION = YES;
				CLANG_WARN_INT_CONVERSION = YES;
				CLANG_WARN_NON_LITERAL_NULL_CONVERSION = YES;
				CLANG_WARN_OBJC_LITERAL_CONVERSION = YES;
				CLANG_WARN_OBJC_ROOT_CLASS = YES_ERROR;
				CLANG_WARN_RANGE_LOOP_ANALYSIS = YES;
				CLANG_WARN_STRICT_PROTOTYPES = YES;
				CLANG_WARN_SUSPICIOUS_MOVE = YES;
				CLANG_WARN_UNGUARDED_AVAILABILITY = YES_AGGRESSIVE;
				CLANG_WARN_UNREACHABLE_CODE = YES;
				CLANG_WARN__DUPLICATE_METHOD_MATCH = YES;
				CODE_SIGN_IDENTITY = "iPhone Developer";
				COPY_PHASE_STRIP = NO;
				DEBUG_INFORMATION_FORMAT = dwarf;
				ENABLE_STRICT_OBJC_MSGSEND = YES;
				ENABLE_TESTABILITY = YES;
				GCC_C_LANGUAGE_STANDARD = gnu11;
				GCC_DYNAMIC_NO_PIC = NO;
				GCC_NO_COMMON_BLOCKS = YES;
				GCC_OPTIMIZATION_LEVEL = 0;
				GCC_PREPROCESSOR_DEFINITIONS = (
					"DEBUG=1",
					"$(inherited)",
				);
				GCC_WARN_64_TO_32_BIT_CONVERSION = YES;
				GCC_WARN_ABOUT_RETURN_TYPE = YES_ERROR;
				GCC_WARN_UNDECLARED_SELECTOR = YES;
				GCC_WARN_UNINITIALIZED_AUTOS = YES_AGGRESSIVE;
				GCC_WARN_UNUSED_FUNCTION = YES;
				GCC_WARN_UNUSED_VARIABLE = YES;
				IPHONEOS_DEPLOYMENT_TARGET = 11.2;
				MTL_ENABLE_DEBUG_INFO = YES;
				ONLY_ACTIVE_ARCH = YES;
				SDKROOT = iphoneos;
				SWIFT_ACTIVE_COMPILATION_CONDITIONS = DEBUG;
				SWIFT_OPTIMIZATION_LEVEL = "-Onone";
			};
			name = Debug;
		};
		BC64DD4822BA4A5C00585F7B /* Release */ = {
			isa = XCBuildConfiguration;
			buildSettings = {
				ALWAYS_SEARCH_USER_PATHS = NO;
				CLANG_ANALYZER_NONNULL = YES;
				CLANG_ANALYZER_NUMBER_OBJECT_CONVERSION = YES_AGGRESSIVE;
				CLANG_CXX_LANGUAGE_STANDARD = "gnu++14";
				CLANG_CXX_LIBRARY = "libc++";
				CLANG_ENABLE_MODULES = YES;
				CLANG_ENABLE_OBJC_ARC = YES;
				CLANG_WARN_BLOCK_CAPTURE_AUTORELEASING = YES;
				CLANG_WARN_BOOL_CONVERSION = YES;
				CLANG_WARN_COMMA = YES;
				CLANG_WARN_CONSTANT_CONVERSION = YES;
				CLANG_WARN_DIRECT_OBJC_ISA_USAGE = YES_ERROR;
				CLANG_WARN_DOCUMENTATION_COMMENTS = YES;
				CLANG_WARN_EMPTY_BODY = YES;
				CLANG_WARN_ENUM_CONVERSION = YES;
				CLANG_WARN_INFINITE_RECURSION = YES;
				CLANG_WARN_INT_CONVERSION = YES;
				CLANG_WARN_NON_LITERAL_NULL_CONVERSION = YES;
				CLANG_WARN_OBJC_LITERAL_CONVERSION = YES;
				CLANG_WARN_OBJC_ROOT_CLASS = YES_ERROR;
				CLANG_WARN_RANGE_LOOP_ANALYSIS = YES;
				CLANG_WARN_STRICT_PROTOTYPES = YES;
				CLANG_WARN_SUSPICIOUS_MOVE = YES;
				CLANG_WARN_UNGUARDED_AVAILABILITY = YES_AGGRESSIVE;
				CLANG_WARN_UNREACHABLE_CODE = YES;
				CLANG_WARN__DUPLICATE_METHOD_MATCH = YES;
				CODE_SIGN_IDENTITY = "iPhone Developer";
				COPY_PHASE_STRIP = NO;
				DEBUG_INFORMATION_FORMAT = "dwarf-with-dsym";
				ENABLE_NS_ASSERTIONS = NO;
				ENABLE_STRICT_OBJC_MSGSEND = YES;
				GCC_C_LANGUAGE_STANDARD = gnu11;
				GCC_NO_COMMON_BLOCKS = YES;
				GCC_WARN_64_TO_32_BIT_CONVERSION = YES;
				GCC_WARN_ABOUT_RETURN_TYPE = YES_ERROR;
				GCC_WARN_UNDECLARED_SELECTOR = YES;
				GCC_WARN_UNINITIALIZED_AUTOS = YES_AGGRESSIVE;
				GCC_WARN_UNUSED_FUNCTION = YES;
				GCC_WARN_UNUSED_VARIABLE = YES;
				IPHONEOS_DEPLOYMENT_TARGET = 11.2;
				MTL_ENABLE_DEBUG_INFO = NO;
				SDKROOT = iphoneos;
				SWIFT_OPTIMIZATION_LEVEL = "-Owholemodule";
				VALIDATE_PRODUCT = YES;
			};
			name = Release;
		};
		BC64DD4A22BA4A5C00585F7B /* Debug */ = {
			isa = XCBuildConfiguration;
			buildSettings = {
				ASSETCATALOG_COMPILER_APPICON_NAME = AppIcon;
				CODE_SIGN_STYLE = Automatic;
				INFOPLIST_FILE = "Interactive 3D Carousel with Core Animation/Info.plist";
				LD_RUNPATH_SEARCH_PATHS = "$(inherited) @executable_path/Frameworks";
				PRODUCT_BUNDLE_IDENTIFIER = "com.bignerdeo.Interactive-3D-Carousel-with-Core-Animation";
				PRODUCT_NAME = "$(TARGET_NAME)";
				SWIFT_VERSION = 4.0;
				TARGETED_DEVICE_FAMILY = "1,2";
			};
			name = Debug;
		};
		BC64DD4B22BA4A5C00585F7B /* Release */ = {
			isa = XCBuildConfiguration;
			buildSettings = {
				ASSETCATALOG_COMPILER_APPICON_NAME = AppIcon;
				CODE_SIGN_STYLE = Automatic;
				INFOPLIST_FILE = "Interactive 3D Carousel with Core Animation/Info.plist";
				LD_RUNPATH_SEARCH_PATHS = "$(inherited) @executable_path/Frameworks";
				PRODUCT_BUNDLE_IDENTIFIER = "com.bignerdeo.Interactive-3D-Carousel-with-Core-Animation";
				PRODUCT_NAME = "$(TARGET_NAME)";
				SWIFT_VERSION = 4.0;
				TARGETED_DEVICE_FAMILY = "1,2";
			};
			name = Release;
		};
/* End XCBuildConfiguration section */

/* Begin XCConfigurationList section */
		BC64DD3222BA4A5C00585F7B /* Build configuration list for PBXProject "Interactive 3D Carousel with Core Animation" */ = {
			isa = XCConfigurationList;
			buildConfigurations = (
				BC64DD4722BA4A5C00585F7B /* Debug */,
				BC64DD4822BA4A5C00585F7B /* Release */,
			);
			defaultConfigurationIsVisible = 0;
			defaultConfigurationName = Release;
		};
		BC64DD4922BA4A5C00585F7B /* Build configuration list for PBXNativeTarget "Interactive 3D Carousel with Core Animation" */ = {
			isa = XCConfigurationList;
			buildConfigurations = (
				BC64DD4A22BA4A5C00585F7B /* Debug */,
				BC64DD4B22BA4A5C00585F7B /* Release */,
			);
			defaultConfigurationIsVisible = 0;
			defaultConfigurationName = Release;
		};
/* End XCConfigurationList section */
	};
	rootObject = BC64DD2F22BA4A5C00585F7B /* Project object */;
}
